
Microsoft Visual Studio Solution File, Format Version 12.00
# Visual Studio 2012
Project("{FAE04EC0-301F-11D3-BF4B-00C04F79EFBC}") = "WindowsFormsApplication11", "WindowsFormsApplication11\WindowsFormsApplication11.csproj", "{58971075-D7C6-42DC-9BB9-2FBFBFC74FE0}"
EndProject
Global
	GlobalSection(SolutionConfigurationPlatforms) = preSolution
		Debug|Any CPU = Debug|Any CPU
		Release|Any CPU = Release|Any CPU
	EndGlobalSection
	GlobalSection(ProjectConfigurationPlatforms) = postSolution
		{58971075-D7C6-42DC-9BB9-2FBFBFC74FE0}.Debug|Any CPU.ActiveCfg = Debug|Any CPU
		{58971075-D7C6-42DC-9BB9-2FBFBFC74FE0}.Debug|Any CPU.Build.0 = Debug|Any CPU
		{58971075-D7C6-42DC-9BB9-2FBFBFC74FE0}.Release|Any CPU.ActiveCfg = Release|Any CPU
		{58971075-D7C6-42DC-9BB9-2FBFBFC74FE0}.Release|Any CPU.Build.0 = Release|Any CPU
	EndGlobalSection
	GlobalSection(SolutionProperties) = preSolution
		HideSolutionNode = FALSE
	EndGlobalSection
EndGlobal
